
Microsoft Visual Studio Solution File, Format Version 12.00
# Visual Studio Version 16
VisualStudioVersion = 16.0.30320.27
MinimumVisualStudioVersion = 10.0.40219.1
Project("{FAE04EC0-301F-11D3-BF4B-00C04F79EFBC}") = "Synth", "Synth\Synth.csproj", "{14A1F3BB-B4A0-4439-A808-17DB2E0803E4}"
EndProject
Global
	GlobalSection(SolutionConfigurationPlatforms) = preSolution
		Debug|Any CPU = Debug|Any CPU
		Release|Any CPU = Release|Any CPU
	EndGlobalSection
	GlobalSection(ProjectConfigurationPlatforms) = postSolution
		{14A1F3BB-B4A0-4439-A808-17DB2E0803E4}.Debug|Any CPU.ActiveCfg = Debug|Any CPU
		{14A1F3BB-B4A0-4439-A808-17DB2E0803E4}.Debug|Any CPU.Build.0 = Debug|Any CPU
		{14A1F3BB-B4A0-4439-A808-17DB2E0803E4}.Release|Any CPU.ActiveCfg = Release|Any CPU
		{14A1F3BB-B4A0-4439-A808-17DB2E0803E4}.Release|Any CPU.Build.0 = Release|Any CPU
	EndGlobalSection
	GlobalSection(SolutionProperties) = preSolution
		HideSolutionNode = FALSE
	EndGlobalSection
	GlobalSection(ExtensibilityGlobals) = postSolution
		SolutionGuid = {EE431EE4-9BD4-4FB2-A1F9-600559C5B77D}
	EndGlobalSection
EndGlobal
